{
  "nodes": {
    "nixos-hardware": {
      "locked": {
        "lastModified": 1731403644,
        "narHash": "sha256-T9V7CTucjRZ4Qc6pUEV/kpgNGzQbHWfGcfK6JJLfUeI=",
        "owner": "nixos",
        "repo": "nixos-hardware",
        "rev": "f6581f1c3b137086e42a08a906bdada63045f991",
        "type": "github"
      },
      "original": {
        "owner": "nixos",
        "repo": "nixos-hardware",
        "type": "github"
      }
    },
    "nixpkgs": {
      "locked": {
        "lastModified": 1731386116,
        "narHash": "sha256-lKA770aUmjPHdTaJWnP3yQ9OI1TigenUqVC3wweqZuI=",
        "owner": "nixos",
        "repo": "nixpkgs",
        "rev": "689fed12a013f56d4c4d3f612489634267d86529",
        "type": "github"
      },
      "original": {
        "owner": "nixos",
        "ref": "nixos-24.05",
        "repo": "nixpkgs",
        "type": "github"
      }
    },
    "nur": {
      "locked": {
        "lastModified": 1731678443,
        "narHash": "sha256-WBltUhgsFFuBEesRJ6M6xChjfSRyB2bkpm5oZOktOZs=",
        "owner": "nix-community",
        "repo": "NUR",
        "rev": "93581059a8e8b5f7529752f74f1f7a5d8a9290eb",
        "type": "github"
      },
      "original": {
        "owner": "nix-community",
        "repo": "NUR",
        "type": "github"
      }
    },
    "root": {
      "inputs": {
        "nixos-hardware": "nixos-hardware",
        "nixpkgs": "nixpkgs",
        "nur": "nur"
      }
    }
  },
  "root": "root",
  "version": 7
}
