{
  "nodes": {
    "nixos-hardware": {
      "locked": {
        "lastModified": 1659356074,
        "narHash": "sha256-UwV6hZZEtchvtiTCCD/ODEv1226eam8kEgEyQb7xB0E=",
        "owner": "nixos",
        "repo": "nixos-hardware",
        "rev": "ea3efc80f8ab83cb73aec39f4e76fe87afb15a08",
        "type": "github"
      },
      "original": {
        "owner": "nixos",
        "repo": "nixos-hardware",
        "type": "github"
      }
    },
    "nixpkgs": {
      "locked": {
        "lastModified": 1659375853,
        "narHash": "sha256-aiMfO6U1w1u93vB+5qCHCQDZKgpJ7qs4GJOQvI3CN/4=",
        "owner": "nixos",
        "repo": "nixpkgs",
        "rev": "511f6a5c3248f9019a41e70c1891484de2bc906c",
        "type": "github"
      },
      "original": {
        "owner": "nixos",
        "ref": "nixos-21.11",
        "repo": "nixpkgs",
        "type": "github"
      }
    },
    "nur": {
      "locked": {
        "lastModified": 1659606733,
        "narHash": "sha256-/LpvmuZJ4smfQM3UCumNPNhPDeUrwZg9ZFELmnCor80=",
        "owner": "nix-community",
        "repo": "NUR",
        "rev": "5b5dd8b00ef7e4a616db8bbda6c56b4f5826c828",
        "type": "github"
      },
      "original": {
        "owner": "nix-community",
        "repo": "NUR",
        "type": "github"
      }
    },
    "root": {
      "inputs": {
        "nixos-hardware": "nixos-hardware",
        "nixpkgs": "nixpkgs",
        "nur": "nur"
      }
    }
  },
  "root": "root",
  "version": 7
}
